
Microsoft Visual Studio Solution File, Format Version 12.00
# Visual Studio Version 17
VisualStudioVersion = 17.1.31911.260
MinimumVisualStudioVersion = 10.0.40219.1
Project("{FAE04EC0-301F-11D3-BF4B-00C04F79EFBC}") = "Core_MVC_CRUD", "Core_MVC_CRUD\Core_MVC_CRUD.csproj", "{1BD7B5F5-0512-4D56-8067-E5BA741057F3}"
EndProject
Global
	GlobalSection(SolutionConfigurationPlatforms) = preSolution
		Debug|Any CPU = Debug|Any CPU
		Release|Any CPU = Release|Any CPU
	EndGlobalSection
	GlobalSection(ProjectConfigurationPlatforms) = postSolution
		{1BD7B5F5-0512-4D56-8067-E5BA741057F3}.Debug|Any CPU.ActiveCfg = Debug|Any CPU
		{1BD7B5F5-0512-4D56-8067-E5BA741057F3}.Debug|Any CPU.Build.0 = Debug|Any CPU
		{1BD7B5F5-0512-4D56-8067-E5BA741057F3}.Release|Any CPU.ActiveCfg = Release|Any CPU
		{1BD7B5F5-0512-4D56-8067-E5BA741057F3}.Release|Any CPU.Build.0 = Release|Any CPU
	EndGlobalSection
	GlobalSection(SolutionProperties) = preSolution
		HideSolutionNode = FALSE
	EndGlobalSection
	GlobalSection(ExtensibilityGlobals) = postSolution
		SolutionGuid = {DDE3E444-2345-4063-A31C-43AEADF1E2F6}
	EndGlobalSection
EndGlobal
